
Microsoft Visual Studio Solution File, Format Version 12.00
# Visual Studio Version 16
VisualStudioVersion = 16.0.30114.105
MinimumVisualStudioVersion = 10.0.40219.1
Project("{FAE04EC0-301F-11D3-BF4B-00C04F79EFBC}") = "Game_Console", "Game_Console\Game_Console.csproj", "{F1A951C8-9EB4-49B5-A517-4599CCB6331B}"
EndProject
Project("{FAE04EC0-301F-11D3-BF4B-00C04F79EFBC}") = "Game_Test", "Game_Test\Game_Test.csproj", "{E4457D37-1B21-4D90-BD57-41959227FC18}"
EndProject
Project("{FAE04EC0-301F-11D3-BF4B-00C04F79EFBC}") = "Game_Repository", "Game_Repository\Game_Repository.csproj", "{D6DBE311-D102-430D-95F9-B692734B828E}"
EndProject
Global
	GlobalSection(SolutionConfigurationPlatforms) = preSolution
		Debug|Any CPU = Debug|Any CPU
		Release|Any CPU = Release|Any CPU
	EndGlobalSection
	GlobalSection(SolutionProperties) = preSolution
		HideSolutionNode = FALSE
	EndGlobalSection
	GlobalSection(ProjectConfigurationPlatforms) = postSolution
		{F1A951C8-9EB4-49B5-A517-4599CCB6331B}.Debug|Any CPU.ActiveCfg = Debug|Any CPU
		{F1A951C8-9EB4-49B5-A517-4599CCB6331B}.Debug|Any CPU.Build.0 = Debug|Any CPU
		{F1A951C8-9EB4-49B5-A517-4599CCB6331B}.Release|Any CPU.ActiveCfg = Release|Any CPU
		{F1A951C8-9EB4-49B5-A517-4599CCB6331B}.Release|Any CPU.Build.0 = Release|Any CPU
		{E4457D37-1B21-4D90-BD57-41959227FC18}.Debug|Any CPU.ActiveCfg = Debug|Any CPU
		{E4457D37-1B21-4D90-BD57-41959227FC18}.Debug|Any CPU.Build.0 = Debug|Any CPU
		{E4457D37-1B21-4D90-BD57-41959227FC18}.Release|Any CPU.ActiveCfg = Release|Any CPU
		{E4457D37-1B21-4D90-BD57-41959227FC18}.Release|Any CPU.Build.0 = Release|Any CPU
		{D6DBE311-D102-430D-95F9-B692734B828E}.Debug|Any CPU.ActiveCfg = Debug|Any CPU
		{D6DBE311-D102-430D-95F9-B692734B828E}.Debug|Any CPU.Build.0 = Debug|Any CPU
		{D6DBE311-D102-430D-95F9-B692734B828E}.Release|Any CPU.ActiveCfg = Release|Any CPU
		{D6DBE311-D102-430D-95F9-B692734B828E}.Release|Any CPU.Build.0 = Release|Any CPU
	EndGlobalSection
EndGlobal
